{
  "originHash" : "3398d9cad03b0a3b36f4ace22e5b00232646d0389164299f4189bd999c8fa9f8",
  "pins" : [
    {
      "identity" : "wireguard-apple",
      "kind" : "remoteSourceControl",
      "location" : "https://github.com/Albro3459/wireguard-apple",
      "state" : {
        "revision" : "2cc1e15d40e7b99f2b84ba6617393a1c76da11ee"
      }
    }
  ],
  "version" : 3
}
