{
  "originHash" : "3398d9cad03b0a3b36f4ace22e5b00232646d0389164299f4189bd999c8fa9f8",
  "pins" : [
    {
      "identity" : "wireguard-apple",
      "kind" : "remoteSourceControl",
      "location" : "https://github.com/Albro3459/wireguard-apple",
      "state" : {
        "revision" : "ba0929fb7fc63ec604d69c35abf47688d17a6252"
      }
    }
  ],
  "version" : 3
}
